
Microsoft Visual Studio Solution File, Format Version 12.00
# Visual Studio Version 17
VisualStudioVersion = 17.10.34928.147
MinimumVisualStudioVersion = 10.0.40219.1
Project("{FAE04EC0-301F-11D3-BF4B-00C04F79EFBC}") = "calculator c#", "calculator c#\calculator c#.csproj", "{8AF95161-A796-4DC9-9B28-A12659550B41}"
EndProject
Global
	GlobalSection(SolutionConfigurationPlatforms) = preSolution
		Debug|Any CPU = Debug|Any CPU
		Release|Any CPU = Release|Any CPU
	EndGlobalSection
	GlobalSection(ProjectConfigurationPlatforms) = postSolution
		{8AF95161-A796-4DC9-9B28-A12659550B41}.Debug|Any CPU.ActiveCfg = Debug|Any CPU
		{8AF95161-A796-4DC9-9B28-A12659550B41}.Debug|Any CPU.Build.0 = Debug|Any CPU
		{8AF95161-A796-4DC9-9B28-A12659550B41}.Release|Any CPU.ActiveCfg = Release|Any CPU
		{8AF95161-A796-4DC9-9B28-A12659550B41}.Release|Any CPU.Build.0 = Release|Any CPU
	EndGlobalSection
	GlobalSection(SolutionProperties) = preSolution
		HideSolutionNode = FALSE
	EndGlobalSection
	GlobalSection(ExtensibilityGlobals) = postSolution
		SolutionGuid = {C67106BC-BEEC-4318-9951-662D177AF3CA}
	EndGlobalSection
EndGlobal
